
Microsoft Visual Studio Solution File, Format Version 12.00
# Visual Studio 14
VisualStudioVersion = 14.0.22310.1
MinimumVisualStudioVersion = 10.0.40219.1
Project("{FAE04EC0-301F-11D3-BF4B-00C04F79EFBC}") = "IpRanges.DataAquisition", "IpRanges.DataAquisition.csproj", "{27BA73A0-C1E6-4373-93D0-CE6DF3D5E8E9}"
EndProject
Project("{FAE04EC0-301F-11D3-BF4B-00C04F79EFBC}") = "IpRanges", "..\IpRanges\IpRanges.csproj", "{7A1914C6-5171-4405-9E2C-77816A836F5E}"
EndProject
Global
	GlobalSection(SolutionConfigurationPlatforms) = preSolution
		Debug|Any CPU = Debug|Any CPU
		Release|Any CPU = Release|Any CPU
	EndGlobalSection
	GlobalSection(ProjectConfigurationPlatforms) = postSolution
		{27BA73A0-C1E6-4373-93D0-CE6DF3D5E8E9}.Debug|Any CPU.ActiveCfg = Debug|Any CPU
		{27BA73A0-C1E6-4373-93D0-CE6DF3D5E8E9}.Debug|Any CPU.Build.0 = Debug|Any CPU
		{27BA73A0-C1E6-4373-93D0-CE6DF3D5E8E9}.Release|Any CPU.ActiveCfg = Release|Any CPU
		{27BA73A0-C1E6-4373-93D0-CE6DF3D5E8E9}.Release|Any CPU.Build.0 = Release|Any CPU
		{7A1914C6-5171-4405-9E2C-77816A836F5E}.Debug|Any CPU.ActiveCfg = Debug|Any CPU
		{7A1914C6-5171-4405-9E2C-77816A836F5E}.Debug|Any CPU.Build.0 = Debug|Any CPU
		{7A1914C6-5171-4405-9E2C-77816A836F5E}.Release|Any CPU.ActiveCfg = Release|Any CPU
		{7A1914C6-5171-4405-9E2C-77816A836F5E}.Release|Any CPU.Build.0 = Release|Any CPU
	EndGlobalSection
	GlobalSection(SolutionProperties) = preSolution
		HideSolutionNode = FALSE
	EndGlobalSection
EndGlobal
